
Microsoft Visual Studio Solution File, Format Version 12.00
# Visual Studio Version 17
VisualStudioVersion = 17.4.33213.308
MinimumVisualStudioVersion = 10.0.40219.1
Project("{FAE04EC0-301F-11D3-BF4B-00C04F79EFBC}") = "Divisima", "Divisima\Divisima.csproj", "{61FA2957-2EF3-4BAC-87CB-599EEC3B72B0}"
EndProject
Project("{FAE04EC0-301F-11D3-BF4B-00C04F79EFBC}") = "DAL", "DAL\DAL.csproj", "{6EF0F5E9-0E99-44AE-BD37-678201B33ED2}"
EndProject
Project("{FAE04EC0-301F-11D3-BF4B-00C04F79EFBC}") = "BL", "BL\BL.csproj", "{34FE03E7-DE7A-4D65-B6A8-C3FEAFB97561}"
EndProject
Project("{FAE04EC0-301F-11D3-BF4B-00C04F79EFBC}") = "WebAPI", "WebAPI\WebAPI.csproj", "{E4C06F9E-68CB-4981-BBDC-7D7BAF8E71CD}"
EndProject
Global
	GlobalSection(SolutionConfigurationPlatforms) = preSolution
		Debug|Any CPU = Debug|Any CPU
		Release|Any CPU = Release|Any CPU
	EndGlobalSection
	GlobalSection(ProjectConfigurationPlatforms) = postSolution
		{61FA2957-2EF3-4BAC-87CB-599EEC3B72B0}.Debug|Any CPU.ActiveCfg = Debug|Any CPU
		{61FA2957-2EF3-4BAC-87CB-599EEC3B72B0}.Debug|Any CPU.Build.0 = Debug|Any CPU
		{61FA2957-2EF3-4BAC-87CB-599EEC3B72B0}.Release|Any CPU.ActiveCfg = Release|Any CPU
		{61FA2957-2EF3-4BAC-87CB-599EEC3B72B0}.Release|Any CPU.Build.0 = Release|Any CPU
		{6EF0F5E9-0E99-44AE-BD37-678201B33ED2}.Debug|Any CPU.ActiveCfg = Debug|Any CPU
		{6EF0F5E9-0E99-44AE-BD37-678201B33ED2}.Debug|Any CPU.Build.0 = Debug|Any CPU
		{6EF0F5E9-0E99-44AE-BD37-678201B33ED2}.Release|Any CPU.ActiveCfg = Release|Any CPU
		{6EF0F5E9-0E99-44AE-BD37-678201B33ED2}.Release|Any CPU.Build.0 = Release|Any CPU
		{34FE03E7-DE7A-4D65-B6A8-C3FEAFB97561}.Debug|Any CPU.ActiveCfg = Debug|Any CPU
		{34FE03E7-DE7A-4D65-B6A8-C3FEAFB97561}.Debug|Any CPU.Build.0 = Debug|Any CPU
		{34FE03E7-DE7A-4D65-B6A8-C3FEAFB97561}.Release|Any CPU.ActiveCfg = Release|Any CPU
		{34FE03E7-DE7A-4D65-B6A8-C3FEAFB97561}.Release|Any CPU.Build.0 = Release|Any CPU
		{E4C06F9E-68CB-4981-BBDC-7D7BAF8E71CD}.Debug|Any CPU.ActiveCfg = Debug|Any CPU
		{E4C06F9E-68CB-4981-BBDC-7D7BAF8E71CD}.Debug|Any CPU.Build.0 = Debug|Any CPU
		{E4C06F9E-68CB-4981-BBDC-7D7BAF8E71CD}.Release|Any CPU.ActiveCfg = Release|Any CPU
		{E4C06F9E-68CB-4981-BBDC-7D7BAF8E71CD}.Release|Any CPU.Build.0 = Release|Any CPU
	EndGlobalSection
	GlobalSection(SolutionProperties) = preSolution
		HideSolutionNode = FALSE
	EndGlobalSection
	GlobalSection(ExtensibilityGlobals) = postSolution
		SolutionGuid = {767FBE18-5E3B-4DFA-ADAB-58E37E2D31AC}
	EndGlobalSection
EndGlobal
